<?xml version="1.0" encoding="utf-8"?>
<Project ToolsVersion="4.0" xmlns="http://schemas.microsoft.com/developer/msbuild/2003">
  <ItemGroup>
    <Filter Include="Entrypoint">
      <UniqueIdentifier>{bd2633c1-92d5-4179-9eb4-9011c2092b37}</UniqueIdentifier>
    </Filter>
    <Filter Include="Framework">
      <UniqueIdentifier>{ee6806d2-2813-4c32-b128-ca617a2a7a1d}</UniqueIdentifier>
    </Filter>
    <Filter Include="Framework\Core">
      <UniqueIdentifier>{674eae74-250a-47fd-a9b3-24bfbd7e751e}</UniqueIdentifier>
    </Filter>
    <Filter Include="pch">
      <UniqueIdentifier>{6966c2d3-7a4e-4e6c-8d30-02fd528310af}</UniqueIdentifier>
    </Filter>
    <Filter Include="Framework\Graphics">
      <UniqueIdentifier>{40b2a385-6378-4775-9c62-4971ca5f22aa}</UniqueIdentifier>
    </Filter>
    <Filter Include="Framework\Graphics\Renderer">
      <UniqueIdentifier>{a4ad40b7-e2c5-48c2-a6f8-59cc90a1d887}</UniqueIdentifier>
    </Filter>
    <Filter Include="Framework\Graphics\Resources">
      <UniqueIdentifier>{71adc1c9-908f-4a72-9f46-4dbe3ff31757}</UniqueIdentifier>
    </Filter>
    <Filter Include="Framework\Graphics\Resources\Shader">
      <UniqueIdentifier>{13c3adda-543f-4fa0-90c1-4374eee7a76e}</UniqueIdentifier>
    </Filter>
    <Filter Include="Framework\Math">
      <UniqueIdentifier>{20e7933b-0f4c-476d-b3c1-10e326040659}</UniqueIdentifier>
    </Filter>
    <Filter Include="Framework\Graphics\Texture">
      <UniqueIdentifier>{da977940-85c6-4166-bda1-f168a63ea839}</UniqueIdentifier>
    </Filter>
    <Filter Include="Framework\Graphics\Sprite">
      <UniqueIdentifier>{aaf9840f-be47-482b-8917-e44a965d759d}</UniqueIdentifier>
    </Filter>
    <Filter Include="Framework\Graphics\Model">
      <UniqueIdentifier>{eaf8bac5-3520-4813-8e55-57c38e569337}</UniqueIdentifier>
    </Filter>
    <Filter Include="Framework\Input">
      <UniqueIdentifier>{2aa237a1-2614-4f59-8f0e-30b40500f0aa}</UniqueIdentifier>
    </Filter>
    <Filter Include="Framework\Scene">
      <UniqueIdentifier>{418f5d4a-864c-4ad2-888b-04fc2fc50217}</UniqueIdentifier>
    </Filter>
  </ItemGroup>
  <ItemGroup>
    <ClCompile Include="main.cpp">
      <Filter>Entrypoint</Filter>
    </ClCompile>
    <ClCompile Include="pch.cpp">
      <Filter>pch</Filter>
    </ClCompile>
    <ClCompile Include="Framework\Core\Window.cpp">
      <Filter>Framework\Core</Filter>
    </ClCompile>
    <ClCompile Include="Framework\Core\Application.cpp">
      <Filter>Framework\Core</Filter>
    </ClCompile>
    <ClCompile Include="Framework\Core\Timer.cpp">
      <Filter>Framework\Core</Filter>
    </ClCompile>
    <ClCompile Include="Framework\Graphics\Renderer\ViewportManager.cpp">
      <Filter>Framework\Graphics\Renderer</Filter>
    </ClCompile>
    <ClCompile Include="Framework\Graphics\Renderer\SwapChain.cpp">
      <Filter>Framework\Graphics\Renderer</Filter>
    </ClCompile>
    <ClCompile Include="Framework\Graphics\Renderer\SamplerManager.cpp">
      <Filter>Framework\Graphics\Renderer</Filter>
    </ClCompile>
    <ClCompile Include="Framework\Graphics\Renderer\RenderTargetManager.cpp">
      <Filter>Framework\Graphics\Renderer</Filter>
    </ClCompile>
    <ClCompile Include="Framework\Graphics\Renderer\Renderer.cpp">
      <Filter>Framework\Graphics\Renderer</Filter>
    </ClCompile>
    <ClCompile Include="Framework\Graphics\Renderer\RasterizerStateManager.cpp">
      <Filter>Framework\Graphics\Renderer</Filter>
    </ClCompile>
    <ClCompile Include="Framework\Graphics\Renderer\Device.cpp">
      <Filter>Framework\Graphics\Renderer</Filter>
    </ClCompile>
    <ClCompile Include="Framework\Graphics\Renderer\DepthStencilState.cpp">
      <Filter>Framework\Graphics\Renderer</Filter>
    </ClCompile>
    <ClCompile Include="Framework\Graphics\Renderer\ConstantBufferManager.cpp">
      <Filter>Framework\Graphics\Renderer</Filter>
    </ClCompile>
    <ClCompile Include="Framework\Graphics\Renderer\BlendStateManager.cpp">
      <Filter>Framework\Graphics\Renderer</Filter>
    </ClCompile>
    <ClCompile Include="Framework\Graphics\Resources\ShaderManager.cpp">
      <Filter>Framework\Graphics\Resources</Filter>
    </ClCompile>
    <ClCompile Include="Framework\Graphics\Texture\Texture.cpp">
      <Filter>Framework\Graphics\Texture</Filter>
    </ClCompile>
    <ClCompile Include="Framework\Graphics\Texture\TextureManager.cpp">
      <Filter>Framework\Graphics\Texture</Filter>
    </ClCompile>
    <ClCompile Include="Framework\Graphics\Sprite\Sprite.cpp">
      <Filter>Framework\Graphics\Sprite</Filter>
    </ClCompile>
    <ClCompile Include="Framework\Graphics\Model\Mesh.cpp">
      <Filter>Framework\Graphics\Model</Filter>
    </ClCompile>
    <ClCompile Include="Framework\Graphics\Model\Model.cpp">
      <Filter>Framework\Graphics\Model</Filter>
    </ClCompile>
    <ClCompile Include="Framework\Graphics\Sprite\SpriteManager.cpp">
      <Filter>Framework\Graphics\Sprite</Filter>
    </ClCompile>
    <ClCompile Include="Framework\Graphics\Model\ModelManager.cpp">
      <Filter>Framework\Graphics\Model</Filter>
    </ClCompile>
    <ClCompile Include="Framework\Input\InputMouse.cpp">
      <Filter>Framework\Input</Filter>
    </ClCompile>
    <ClCompile Include="Framework\Input\InputKeyboard.cpp">
      <Filter>Framework\Input</Filter>
    </ClCompile>
    <ClCompile Include="Framework\Scene\Scene.cpp">
      <Filter>Framework\Scene</Filter>
    </ClCompile>
    <ClCompile Include="Framework\Scene\SceneManager.cpp">
      <Filter>Framework\Scene</Filter>
    </ClCompile>
    <ClCompile Include="Framework\Scene\GameObjectManager.cpp">
      <Filter>Framework\Scene</Filter>
    </ClCompile>
    <ClCompile Include="Framework\Scene\GameObject.cpp">
      <Filter>Framework\Scene</Filter>
    </ClCompile>
    <ClCompile Include="Framework\Scene\Component.cpp">
      <Filter>Framework\Scene</Filter>
    </ClCompile>
  </ItemGroup>
  <ItemGroup>
    <ClInclude Include="pch.h">
      <Filter>pch</Filter>
    </ClInclude>
    <ClInclude Include="Framework\Core\Window.h">
      <Filter>Framework\Core</Filter>
    </ClInclude>
    <ClInclude Include="Framework\Core\Application.h">
      <Filter>Framework\Core</Filter>
    </ClInclude>
    <ClInclude Include="Framework\Core\Timer.h">
      <Filter>Framework\Core</Filter>
    </ClInclude>
    <ClInclude Include="Framework\Graphics\Renderer\ViewportManager.h">
      <Filter>Framework\Graphics\Renderer</Filter>
    </ClInclude>
    <ClInclude Include="Framework\Graphics\Renderer\SwapChain.h">
      <Filter>Framework\Graphics\Renderer</Filter>
    </ClInclude>
    <ClInclude Include="Framework\Graphics\Renderer\SamplerManager.h">
      <Filter>Framework\Graphics\Renderer</Filter>
    </ClInclude>
    <ClInclude Include="Framework\Graphics\Renderer\RenderTargetManager.h">
      <Filter>Framework\Graphics\Renderer</Filter>
    </ClInclude>
    <ClInclude Include="Framework\Graphics\Renderer\Renderer.h">
      <Filter>Framework\Graphics\Renderer</Filter>
    </ClInclude>
    <ClInclude Include="Framework\Graphics\Renderer\RasterizerStateManager.h">
      <Filter>Framework\Graphics\Renderer</Filter>
    </ClInclude>
    <ClInclude Include="Framework\Graphics\Renderer\Device.h">
      <Filter>Framework\Graphics\Renderer</Filter>
    </ClInclude>
    <ClInclude Include="Framework\Graphics\Renderer\DepthStencilState.h">
      <Filter>Framework\Graphics\Renderer</Filter>
    </ClInclude>
    <ClInclude Include="Framework\Graphics\Renderer\ConstantBufferManager.h">
      <Filter>Framework\Graphics\Renderer</Filter>
    </ClInclude>
    <ClInclude Include="Framework\Graphics\Renderer\BlendStateManager.h">
      <Filter>Framework\Graphics\Renderer</Filter>
    </ClInclude>
    <ClInclude Include="Framework\Graphics\Resources\ShaderManager.h">
      <Filter>Framework\Graphics\Resources</Filter>
    </ClInclude>
    <ClInclude Include="Framework\Math\MathTransform.h">
      <Filter>Framework\Math</Filter>
    </ClInclude>
    <ClInclude Include="Framework\Graphics\Texture\TextureManager.h">
      <Filter>Framework\Graphics\Texture</Filter>
    </ClInclude>
    <ClInclude Include="Framework\Graphics\Texture\Texture.h">
      <Filter>Framework\Graphics\Texture</Filter>
    </ClInclude>
    <ClInclude Include="resource.h" />
    <ClInclude Include="Framework\Graphics\Sprite\Sprite.h">
      <Filter>Framework\Graphics\Sprite</Filter>
    </ClInclude>
    <ClInclude Include="Framework\Graphics\Model\Model.h">
      <Filter>Framework\Graphics\Model</Filter>
    </ClInclude>
    <ClInclude Include="Framework\Graphics\Model\Mesh.h">
      <Filter>Framework\Graphics\Model</Filter>
    </ClInclude>
    <ClInclude Include="Framework\Graphics\Model\Material.h">
      <Filter>Framework\Graphics\Model</Filter>
    </ClInclude>
    <ClInclude Include="Framework\Graphics\Resources\ShaderTypes.h">
      <Filter>Framework\Graphics\Resources</Filter>
    </ClInclude>
    <ClInclude Include="Framework\Graphics\Model\ModelManager.h">
      <Filter>Framework\Graphics\Model</Filter>
    </ClInclude>
    <ClInclude Include="Framework\Graphics\Sprite\SpriteManager.h">
      <Filter>Framework\Graphics\Sprite</Filter>
    </ClInclude>
    <ClInclude Include="Framework\Input\InputKeyboard.h">
      <Filter>Framework\Input</Filter>
    </ClInclude>
    <ClInclude Include="Framework\Input\InputMouse.h">
      <Filter>Framework\Input</Filter>
    </ClInclude>
    <ClInclude Include="Framework\Scene\Scene.h">
      <Filter>Framework\Scene</Filter>
    </ClInclude>
    <ClInclude Include="Framework\Scene\SceneManager.h">
      <Filter>Framework\Scene</Filter>
    </ClInclude>
    <ClInclude Include="Framework\Scene\GameObjectManager.h">
      <Filter>Framework\Scene</Filter>
    </ClInclude>
    <ClInclude Include="Framework\Scene\GameObject.h">
      <Filter>Framework\Scene</Filter>
    </ClInclude>
    <ClInclude Include="Framework\Scene\Component.h">
      <Filter>Framework\Scene</Filter>
    </ClInclude>
    <ClInclude Include="Framework\Scene\Prefab.h">
      <Filter>Framework\Scene</Filter>
    </ClInclude>
  </ItemGroup>
  <ItemGroup>
    <FxCompile Include="Framework\Graphics\Resources\Shader\PixelShader.hlsl">
      <Filter>Framework\Graphics\Resources\Shader</Filter>
    </FxCompile>
    <FxCompile Include="Framework\Graphics\Resources\Shader\VertexShader.hlsl">
      <Filter>Framework\Graphics\Resources\Shader</Filter>
    </FxCompile>
    <FxCompile Include="Framework\Graphics\Resources\Shader\SpritePS.hlsl">
      <Filter>Framework\Graphics\Resources\Shader</Filter>
    </FxCompile>
    <FxCompile Include="Framework\Graphics\Resources\Shader\SpriteVS.hlsl">
      <Filter>Framework\Graphics\Resources\Shader</Filter>
    </FxCompile>
    <FxCompile Include="Framework\Graphics\Resources\Shader\Common.hlsl">
      <Filter>Framework\Graphics\Resources\Shader</Filter>
    </FxCompile>
  </ItemGroup>
  <ItemGroup>
    <None Include="Framework\Graphics\Renderer\ConstantBufferManager.inl">
      <Filter>Framework\Graphics\Renderer</Filter>
    </None>
    <None Include="Framework\Input\InputKeyboard.inl">
      <Filter>Framework\Input</Filter>
    </None>
  </ItemGroup>
  <ItemGroup>
    <ResourceCompile Include="Game_Application.rc" />
  </ItemGroup>
</Project>