<?xml version="1.0" encoding="utf-8"?>
<Project ToolsVersion="4.0" xmlns="http://schemas.microsoft.com/developer/msbuild/2003">
  <ItemGroup>
    <Filter Include="Entrypoint">
      <UniqueIdentifier>{bd2633c1-92d5-4179-9eb4-9011c2092b37}</UniqueIdentifier>
    </Filter>
    <Filter Include="Framework">
      <UniqueIdentifier>{ee6806d2-2813-4c32-b128-ca617a2a7a1d}</UniqueIdentifier>
    </Filter>
    <Filter Include="Framework\Core">
      <UniqueIdentifier>{674eae74-250a-47fd-a9b3-24bfbd7e751e}</UniqueIdentifier>
    </Filter>
    <Filter Include="pch">
      <UniqueIdentifier>{6966c2d3-7a4e-4e6c-8d30-02fd528310af}</UniqueIdentifier>
    </Filter>
  </ItemGroup>
  <ItemGroup>
    <ClCompile Include="main.cpp">
      <Filter>Entrypoint</Filter>
    </ClCompile>
    <ClCompile Include="pch.cpp">
      <Filter>pch</Filter>
    </ClCompile>
    <ClCompile Include="Framework\Core\Window.cpp">
      <Filter>Framework\Core</Filter>
    </ClCompile>
    <ClCompile Include="Framework\Core\Application.cpp">
      <Filter>Framework\Core</Filter>
    </ClCompile>
    <ClCompile Include="Framework\Core\Timer.cpp">
      <Filter>Framework\Core</Filter>
    </ClCompile>
  </ItemGroup>
  <ItemGroup>
    <ClInclude Include="pch.h">
      <Filter>pch</Filter>
    </ClInclude>
    <ClInclude Include="Framework\Core\Window.h">
      <Filter>Framework\Core</Filter>
    </ClInclude>
    <ClInclude Include="Framework\Core\Application.h">
      <Filter>Framework\Core</Filter>
    </ClInclude>
    <ClInclude Include="Framework\Core\Timer.h">
      <Filter>Framework\Core</Filter>
    </ClInclude>
  </ItemGroup>
</Project>