<?xml version="1.0" encoding="utf-8"?>
<Project ToolsVersion="4.0" xmlns="http://schemas.microsoft.com/developer/msbuild/2003">
  <ItemGroup>
    <Filter Include="Entrypoint">
      <UniqueIdentifier>{bd2633c1-92d5-4179-9eb4-9011c2092b37}</UniqueIdentifier>
    </Filter>
    <Filter Include="Framework">
      <UniqueIdentifier>{ee6806d2-2813-4c32-b128-ca617a2a7a1d}</UniqueIdentifier>
    </Filter>
    <Filter Include="Framework\Core">
      <UniqueIdentifier>{674eae74-250a-47fd-a9b3-24bfbd7e751e}</UniqueIdentifier>
    </Filter>
    <Filter Include="pch">
      <UniqueIdentifier>{6966c2d3-7a4e-4e6c-8d30-02fd528310af}</UniqueIdentifier>
    </Filter>
    <Filter Include="Framework\Graphics">
      <UniqueIdentifier>{40b2a385-6378-4775-9c62-4971ca5f22aa}</UniqueIdentifier>
    </Filter>
    <Filter Include="Framework\Graphics\Renderer">
      <UniqueIdentifier>{a4ad40b7-e2c5-48c2-a6f8-59cc90a1d887}</UniqueIdentifier>
    </Filter>
    <Filter Include="Framework\Graphics\Resources">
      <UniqueIdentifier>{71adc1c9-908f-4a72-9f46-4dbe3ff31757}</UniqueIdentifier>
    </Filter>
    <Filter Include="Framework\Graphics\Resources\Shader">
      <UniqueIdentifier>{13c3adda-543f-4fa0-90c1-4374eee7a76e}</UniqueIdentifier>
    </Filter>
    <Filter Include="Framework\Math">
      <UniqueIdentifier>{20e7933b-0f4c-476d-b3c1-10e326040659}</UniqueIdentifier>
    </Filter>
    <Filter Include="Framework\Graphics\Texture">
      <UniqueIdentifier>{da977940-85c6-4166-bda1-f168a63ea839}</UniqueIdentifier>
    </Filter>
    <Filter Include="Framework\Graphics\Sprite">
      <UniqueIdentifier>{aaf9840f-be47-482b-8917-e44a965d759d}</UniqueIdentifier>
    </Filter>
    <Filter Include="Framework\Graphics\Model">
      <UniqueIdentifier>{eaf8bac5-3520-4813-8e55-57c38e569337}</UniqueIdentifier>
    </Filter>
    <Filter Include="Framework\Input">
      <UniqueIdentifier>{2aa237a1-2614-4f59-8f0e-30b40500f0aa}</UniqueIdentifier>
    </Filter>
    <Filter Include="Framework\Scene">
      <UniqueIdentifier>{418f5d4a-864c-4ad2-888b-04fc2fc50217}</UniqueIdentifier>
    </Filter>
    <Filter Include="Framework\Scene\Components">
      <UniqueIdentifier>{c1677005-edcb-4ac4-8e71-bb05077b63ea}</UniqueIdentifier>
    </Filter>
    <Filter Include="Project">
      <UniqueIdentifier>{9f5aedb8-d2f0-4302-b5e2-3d2cabbb6a23}</UniqueIdentifier>
    </Filter>
    <Filter Include="Project\Prefab">
      <UniqueIdentifier>{3ee72f4d-b454-4a45-ad0d-e2af98748487}</UniqueIdentifier>
    </Filter>
    <Filter Include="Project\Scene">
      <UniqueIdentifier>{35b17dec-a1a1-40e9-bc57-8de15b1eeb0d}</UniqueIdentifier>
    </Filter>
    <Filter Include="Project\Script">
      <UniqueIdentifier>{faf2482b-1eb9-4a81-80e3-ee9da994d933}</UniqueIdentifier>
    </Filter>
    <Filter Include="Project\Scene\Game">
      <UniqueIdentifier>{3372dddc-35d2-43f3-8054-52dbcc99bfb1}</UniqueIdentifier>
    </Filter>
    <Filter Include="Project\Prefab\Game">
      <UniqueIdentifier>{f9c802d3-3031-415e-a59f-7d962df60bd3}</UniqueIdentifier>
    </Filter>
    <Filter Include="Project\Script\Game">
      <UniqueIdentifier>{d37ab90f-b6a7-43c7-b6aa-8d68bc637da0}</UniqueIdentifier>
    </Filter>
    <Filter Include="Framework\Scene\Components\RenderComponent">
      <UniqueIdentifier>{050be533-2736-4f47-975c-1263342fcd06}</UniqueIdentifier>
    </Filter>
    <Filter Include="Framework\Scene\Components\PhysicsComponent">
      <UniqueIdentifier>{857f4d00-c59e-4650-8248-969ec2a75e94}</UniqueIdentifier>
    </Filter>
    <Filter Include="Framework\Scene\Components\CameraComponent">
      <UniqueIdentifier>{32c77eeb-7f9e-4e3c-a46a-9a5c676ac184}</UniqueIdentifier>
    </Filter>
    <Filter Include="Framework\Scene\Prefab">
      <UniqueIdentifier>{ef133f68-939c-4d51-9b4e-571d77ade651}</UniqueIdentifier>
    </Filter>
    <Filter Include="Project\Script\Game\Manager">
      <UniqueIdentifier>{bb7bfafd-071a-4ccf-bd61-9128ef6876cb}</UniqueIdentifier>
    </Filter>
    <Filter Include="Framework\Physics">
      <UniqueIdentifier>{7247db85-1e89-4d4d-829d-170696d5313b}</UniqueIdentifier>
    </Filter>
    <Filter Include="Project\Scene\Title">
      <UniqueIdentifier>{aa5a5a91-40af-4a43-928d-54c8371d7cf2}</UniqueIdentifier>
    </Filter>
    <Filter Include="Project\Script\Title">
      <UniqueIdentifier>{1df94ab2-8ea8-4576-8f7f-f340112d1c2d}</UniqueIdentifier>
    </Filter>
    <Filter Include="Project\Prefab\Title">
      <UniqueIdentifier>{ba5f334b-ea54-4795-85e6-5eb099f255b5}</UniqueIdentifier>
    </Filter>
    <Filter Include="Project\Script\Title\Manager">
      <UniqueIdentifier>{caa958a5-c1de-4b7b-a127-43586eb5eae7}</UniqueIdentifier>
    </Filter>
    <Filter Include="Project\Global">
      <UniqueIdentifier>{3ca523ea-fa2d-4be3-9ef3-187d2fe3a90a}</UniqueIdentifier>
    </Filter>
  </ItemGroup>
  <ItemGroup>
    <ClCompile Include="main.cpp">
      <Filter>Entrypoint</Filter>
    </ClCompile>
    <ClCompile Include="pch.cpp">
      <Filter>pch</Filter>
    </ClCompile>
    <ClCompile Include="Framework\Core\Window.cpp">
      <Filter>Framework\Core</Filter>
    </ClCompile>
    <ClCompile Include="Framework\Core\Application.cpp">
      <Filter>Framework\Core</Filter>
    </ClCompile>
    <ClCompile Include="Framework\Core\Timer.cpp">
      <Filter>Framework\Core</Filter>
    </ClCompile>
    <ClCompile Include="Framework\Graphics\Renderer\ViewportManager.cpp">
      <Filter>Framework\Graphics\Renderer</Filter>
    </ClCompile>
    <ClCompile Include="Framework\Graphics\Renderer\SwapChain.cpp">
      <Filter>Framework\Graphics\Renderer</Filter>
    </ClCompile>
    <ClCompile Include="Framework\Graphics\Renderer\SamplerManager.cpp">
      <Filter>Framework\Graphics\Renderer</Filter>
    </ClCompile>
    <ClCompile Include="Framework\Graphics\Renderer\RenderTargetManager.cpp">
      <Filter>Framework\Graphics\Renderer</Filter>
    </ClCompile>
    <ClCompile Include="Framework\Graphics\Renderer\Renderer.cpp">
      <Filter>Framework\Graphics\Renderer</Filter>
    </ClCompile>
    <ClCompile Include="Framework\Graphics\Renderer\RasterizerStateManager.cpp">
      <Filter>Framework\Graphics\Renderer</Filter>
    </ClCompile>
    <ClCompile Include="Framework\Graphics\Renderer\Device.cpp">
      <Filter>Framework\Graphics\Renderer</Filter>
    </ClCompile>
    <ClCompile Include="Framework\Graphics\Renderer\DepthStencilState.cpp">
      <Filter>Framework\Graphics\Renderer</Filter>
    </ClCompile>
    <ClCompile Include="Framework\Graphics\Renderer\ConstantBufferManager.cpp">
      <Filter>Framework\Graphics\Renderer</Filter>
    </ClCompile>
    <ClCompile Include="Framework\Graphics\Renderer\BlendStateManager.cpp">
      <Filter>Framework\Graphics\Renderer</Filter>
    </ClCompile>
    <ClCompile Include="Framework\Graphics\Resources\ShaderManager.cpp">
      <Filter>Framework\Graphics\Resources</Filter>
    </ClCompile>
    <ClCompile Include="Framework\Graphics\Texture\Texture.cpp">
      <Filter>Framework\Graphics\Texture</Filter>
    </ClCompile>
    <ClCompile Include="Framework\Graphics\Texture\TextureManager.cpp">
      <Filter>Framework\Graphics\Texture</Filter>
    </ClCompile>
    <ClCompile Include="Framework\Graphics\Sprite\Sprite.cpp">
      <Filter>Framework\Graphics\Sprite</Filter>
    </ClCompile>
    <ClCompile Include="Framework\Graphics\Model\Mesh.cpp">
      <Filter>Framework\Graphics\Model</Filter>
    </ClCompile>
    <ClCompile Include="Framework\Graphics\Model\Model.cpp">
      <Filter>Framework\Graphics\Model</Filter>
    </ClCompile>
    <ClCompile Include="Framework\Graphics\Sprite\SpriteManager.cpp">
      <Filter>Framework\Graphics\Sprite</Filter>
    </ClCompile>
    <ClCompile Include="Framework\Graphics\Model\ModelManager.cpp">
      <Filter>Framework\Graphics\Model</Filter>
    </ClCompile>
    <ClCompile Include="Framework\Input\InputMouse.cpp">
      <Filter>Framework\Input</Filter>
    </ClCompile>
    <ClCompile Include="Framework\Input\InputKeyboard.cpp">
      <Filter>Framework\Input</Filter>
    </ClCompile>
    <ClCompile Include="Framework\Scene\Scene.cpp">
      <Filter>Framework\Scene</Filter>
    </ClCompile>
    <ClCompile Include="Framework\Scene\SceneManager.cpp">
      <Filter>Framework\Scene</Filter>
    </ClCompile>
    <ClCompile Include="Framework\Scene\GameObjectManager.cpp">
      <Filter>Framework\Scene</Filter>
    </ClCompile>
    <ClCompile Include="Framework\Scene\GameObject.cpp">
      <Filter>Framework\Scene</Filter>
    </ClCompile>
    <ClCompile Include="Framework\Scene\Component.cpp">
      <Filter>Framework\Scene</Filter>
    </ClCompile>
    <ClCompile Include="Project\Scene\Game\GameScene.cpp">
      <Filter>Project\Scene\Game</Filter>
    </ClCompile>
    <ClCompile Include="Framework\Scene\Components\RenderComponent\ModelComponent.cpp">
      <Filter>Framework\Scene\Components\RenderComponent</Filter>
    </ClCompile>
    <ClCompile Include="Framework\Scene\Components\RenderComponent\RenderComponentManager.cpp">
      <Filter>Framework\Scene\Components\RenderComponent</Filter>
    </ClCompile>
    <ClCompile Include="Framework\Scene\Components\RenderComponent\SpriteComponent.cpp">
      <Filter>Framework\Scene\Components\RenderComponent</Filter>
    </ClCompile>
    <ClCompile Include="Framework\Scene\Components\PhysicsComponent\Rigidbody.cpp">
      <Filter>Framework\Scene\Components\PhysicsComponent</Filter>
    </ClCompile>
    <ClCompile Include="Project\Prefab\Game\PlayerPrefab.cpp">
      <Filter>Project\Prefab\Game</Filter>
    </ClCompile>
    <ClCompile Include="Project\Script\Game\PlayerScript.cpp">
      <Filter>Project\Script\Game</Filter>
    </ClCompile>
    <ClCompile Include="Framework\Scene\Components\CameraComponent\TopDownCamera.cpp">
      <Filter>Framework\Scene\Components\CameraComponent</Filter>
    </ClCompile>
    <ClCompile Include="Framework\Scene\Prefab\CameraPrefab.cpp">
      <Filter>Framework\Scene\Prefab</Filter>
    </ClCompile>
    <ClCompile Include="Project\Script\Game\Manager\BlockManager.cpp">
      <Filter>Project\Script\Game\Manager</Filter>
    </ClCompile>
    <ClCompile Include="Project\Prefab\Game\BlackBlockPrefab.cpp">
      <Filter>Project\Prefab\Game</Filter>
    </ClCompile>
    <ClCompile Include="Project\Prefab\Game\WhiteBlockPrefab.cpp">
      <Filter>Project\Prefab\Game</Filter>
    </ClCompile>
    <ClCompile Include="Framework\Scene\Components\PhysicsComponent\BoxCollider.cpp">
      <Filter>Framework\Scene\Components\PhysicsComponent</Filter>
    </ClCompile>
    <ClCompile Include="Framework\Scene\Components\PhysicsComponent\PhysicsComponentManager.cpp">
      <Filter>Framework\Scene\Components\PhysicsComponent</Filter>
    </ClCompile>
    <ClCompile Include="Project\Script\Game\JumpScript.cpp">
      <Filter>Project\Script\Game</Filter>
    </ClCompile>
    <ClCompile Include="Project\Script\Game\BlockScript.cpp">
      <Filter>Project\Script\Game</Filter>
    </ClCompile>
    <ClCompile Include="Framework\Scene\ObjectManager.cpp">
      <Filter>Framework\Scene</Filter>
    </ClCompile>
    <ClCompile Include="Project\Scene\Title\TitleScene.cpp">
      <Filter>Project\Scene\Title</Filter>
    </ClCompile>
    <ClCompile Include="Project\Script\Title\TitleCamera.cpp">
      <Filter>Project\Script\Title</Filter>
    </ClCompile>
    <ClCompile Include="Project\Prefab\Title\TitleCameraPrefab.cpp">
      <Filter>Project\Prefab\Title</Filter>
    </ClCompile>
    <ClCompile Include="Project\Prefab\Title\TitleLogoPrefab.cpp">
      <Filter>Project\Prefab\Title</Filter>
    </ClCompile>
    <ClCompile Include="Framework\Scene\GameBehaviour.cpp">
      <Filter>Framework\Scene</Filter>
    </ClCompile>
    <ClCompile Include="Project\Prefab\Title\TitleWhiteBlockPrefab.cpp">
      <Filter>Project\Prefab\Title</Filter>
    </ClCompile>
    <ClCompile Include="Project\Prefab\Title\TitleBlackBlockPrefab.cpp">
      <Filter>Project\Prefab\Title</Filter>
    </ClCompile>
    <ClCompile Include="Project\Script\Title\Manager\TitleBlockManager.cpp">
      <Filter>Project\Script\Title\Manager</Filter>
    </ClCompile>
    <ClCompile Include="Project\Script\Title\BgBlockScript.cpp">
      <Filter>Project\Script\Title</Filter>
    </ClCompile>
    <ClCompile Include="Project\Script\Title\Manager\BgBlockManager.cpp">
      <Filter>Project\Script\Title\Manager</Filter>
    </ClCompile>
    <ClCompile Include="Project\Prefab\Title\BlockPrefab.cpp">
      <Filter>Project\Prefab\Title</Filter>
    </ClCompile>
    <ClCompile Include="Project\Prefab\Title\GameStartPrefab.cpp">
      <Filter>Project\Prefab\Title</Filter>
    </ClCompile>
    <ClCompile Include="Framework\Scene\Components\CameraComponent\Camera.cpp">
      <Filter>Framework\Scene\Components\CameraComponent</Filter>
    </ClCompile>
    <ClCompile Include="Project\Prefab\Game\EnemyPrefab.cpp">
      <Filter>Project\Prefab\Game</Filter>
    </ClCompile>
    <ClCompile Include="Project\Script\Game\EnemyScript.cpp">
      <Filter>Project\Script\Game</Filter>
    </ClCompile>
    <ClCompile Include="Project\Script\Game\ShadowScript.cpp">
      <Filter>Project\Script\Game</Filter>
    </ClCompile>
    <ClCompile Include="Project\Script\Game\Manager\EnemyManager.cpp">
      <Filter>Project\Script\Game\Manager</Filter>
    </ClCompile>
    <ClCompile Include="Project\Script\Game\EnemyRespawn.cpp">
      <Filter>Project\Script\Game</Filter>
    </ClCompile>
    <ClCompile Include="Project\Script\Title\AnimationScript2D.cpp">
      <Filter>Project\Script\Title</Filter>
    </ClCompile>
    <ClCompile Include="Project\Prefab\Title\TitleBgPrefab.cpp">
      <Filter>Project\Prefab\Title</Filter>
    </ClCompile>
    <ClCompile Include="Project\Prefab\Game\SkillPrefab.cpp">
      <Filter>Project\Prefab\Game</Filter>
    </ClCompile>
    <ClCompile Include="Project\Script\Game\EnemySkillScript.cpp">
      <Filter>Project\Script\Game</Filter>
    </ClCompile>
    <ClCompile Include="Project\Script\Game\PlayerSkillScript.cpp">
      <Filter>Project\Script\Game</Filter>
    </ClCompile>
    <ClCompile Include="Project\Script\Game\CombatProcessing.cpp">
      <Filter>Project\Script\Game</Filter>
    </ClCompile>
  </ItemGroup>
  <ItemGroup>
    <ClInclude Include="pch.h">
      <Filter>pch</Filter>
    </ClInclude>
    <ClInclude Include="Framework\Core\Window.h">
      <Filter>Framework\Core</Filter>
    </ClInclude>
    <ClInclude Include="Framework\Core\Application.h">
      <Filter>Framework\Core</Filter>
    </ClInclude>
    <ClInclude Include="Framework\Core\Timer.h">
      <Filter>Framework\Core</Filter>
    </ClInclude>
    <ClInclude Include="Framework\Graphics\Renderer\ViewportManager.h">
      <Filter>Framework\Graphics\Renderer</Filter>
    </ClInclude>
    <ClInclude Include="Framework\Graphics\Renderer\SwapChain.h">
      <Filter>Framework\Graphics\Renderer</Filter>
    </ClInclude>
    <ClInclude Include="Framework\Graphics\Renderer\SamplerManager.h">
      <Filter>Framework\Graphics\Renderer</Filter>
    </ClInclude>
    <ClInclude Include="Framework\Graphics\Renderer\RenderTargetManager.h">
      <Filter>Framework\Graphics\Renderer</Filter>
    </ClInclude>
    <ClInclude Include="Framework\Graphics\Renderer\Renderer.h">
      <Filter>Framework\Graphics\Renderer</Filter>
    </ClInclude>
    <ClInclude Include="Framework\Graphics\Renderer\RasterizerStateManager.h">
      <Filter>Framework\Graphics\Renderer</Filter>
    </ClInclude>
    <ClInclude Include="Framework\Graphics\Renderer\Device.h">
      <Filter>Framework\Graphics\Renderer</Filter>
    </ClInclude>
    <ClInclude Include="Framework\Graphics\Renderer\DepthStencilState.h">
      <Filter>Framework\Graphics\Renderer</Filter>
    </ClInclude>
    <ClInclude Include="Framework\Graphics\Renderer\ConstantBufferManager.h">
      <Filter>Framework\Graphics\Renderer</Filter>
    </ClInclude>
    <ClInclude Include="Framework\Graphics\Renderer\BlendStateManager.h">
      <Filter>Framework\Graphics\Renderer</Filter>
    </ClInclude>
    <ClInclude Include="Framework\Graphics\Resources\ShaderManager.h">
      <Filter>Framework\Graphics\Resources</Filter>
    </ClInclude>
    <ClInclude Include="Framework\Math\MathTransform.h">
      <Filter>Framework\Math</Filter>
    </ClInclude>
    <ClInclude Include="Framework\Graphics\Texture\TextureManager.h">
      <Filter>Framework\Graphics\Texture</Filter>
    </ClInclude>
    <ClInclude Include="Framework\Graphics\Texture\Texture.h">
      <Filter>Framework\Graphics\Texture</Filter>
    </ClInclude>
    <ClInclude Include="resource.h" />
    <ClInclude Include="Framework\Graphics\Sprite\Sprite.h">
      <Filter>Framework\Graphics\Sprite</Filter>
    </ClInclude>
    <ClInclude Include="Framework\Graphics\Model\Model.h">
      <Filter>Framework\Graphics\Model</Filter>
    </ClInclude>
    <ClInclude Include="Framework\Graphics\Model\Mesh.h">
      <Filter>Framework\Graphics\Model</Filter>
    </ClInclude>
    <ClInclude Include="Framework\Graphics\Model\Material.h">
      <Filter>Framework\Graphics\Model</Filter>
    </ClInclude>
    <ClInclude Include="Framework\Graphics\Resources\ShaderTypes.h">
      <Filter>Framework\Graphics\Resources</Filter>
    </ClInclude>
    <ClInclude Include="Framework\Graphics\Model\ModelManager.h">
      <Filter>Framework\Graphics\Model</Filter>
    </ClInclude>
    <ClInclude Include="Framework\Graphics\Sprite\SpriteManager.h">
      <Filter>Framework\Graphics\Sprite</Filter>
    </ClInclude>
    <ClInclude Include="Framework\Input\InputKeyboard.h">
      <Filter>Framework\Input</Filter>
    </ClInclude>
    <ClInclude Include="Framework\Input\InputMouse.h">
      <Filter>Framework\Input</Filter>
    </ClInclude>
    <ClInclude Include="Framework\Scene\Scene.h">
      <Filter>Framework\Scene</Filter>
    </ClInclude>
    <ClInclude Include="Framework\Scene\SceneManager.h">
      <Filter>Framework\Scene</Filter>
    </ClInclude>
    <ClInclude Include="Framework\Scene\GameObjectManager.h">
      <Filter>Framework\Scene</Filter>
    </ClInclude>
    <ClInclude Include="Framework\Scene\GameObject.h">
      <Filter>Framework\Scene</Filter>
    </ClInclude>
    <ClInclude Include="Framework\Scene\Component.h">
      <Filter>Framework\Scene</Filter>
    </ClInclude>
    <ClInclude Include="Framework\Scene\Prefab.h">
      <Filter>Framework\Scene</Filter>
    </ClInclude>
    <ClInclude Include="Framework\Scene\Behaviour.h">
      <Filter>Framework\Scene</Filter>
    </ClInclude>
    <ClInclude Include="Project\Scene\Game\GameScene.h">
      <Filter>Project\Scene\Game</Filter>
    </ClInclude>
    <ClInclude Include="Project\Script\Game\PlayerScript.h">
      <Filter>Project\Script\Game</Filter>
    </ClInclude>
    <ClInclude Include="Project\Prefab\Game\PlayerPrefab.h">
      <Filter>Project\Prefab\Game</Filter>
    </ClInclude>
    <ClInclude Include="Framework\Scene\Components\RenderComponent\ModelComponent.h">
      <Filter>Framework\Scene\Components\RenderComponent</Filter>
    </ClInclude>
    <ClInclude Include="Framework\Scene\Components\RenderComponent\RenderComponent.h">
      <Filter>Framework\Scene\Components\RenderComponent</Filter>
    </ClInclude>
    <ClInclude Include="Framework\Scene\Components\RenderComponent\RenderComponentManager.h">
      <Filter>Framework\Scene\Components\RenderComponent</Filter>
    </ClInclude>
    <ClInclude Include="Framework\Scene\Components\RenderComponent\SpriteComponent.h">
      <Filter>Framework\Scene\Components\RenderComponent</Filter>
    </ClInclude>
    <ClInclude Include="Framework\Scene\Components\PhysicsComponent\Rigidbody.h">
      <Filter>Framework\Scene\Components\PhysicsComponent</Filter>
    </ClInclude>
    <ClInclude Include="Framework\Scene\Components\CameraComponent\Camera.h">
      <Filter>Framework\Scene\Components\CameraComponent</Filter>
    </ClInclude>
    <ClInclude Include="Framework\Scene\Components\CameraComponent\TopDownCamera.h">
      <Filter>Framework\Scene\Components\CameraComponent</Filter>
    </ClInclude>
    <ClInclude Include="Framework\Scene\Prefab\CameraPrefab.h">
      <Filter>Framework\Scene\Prefab</Filter>
    </ClInclude>
    <ClInclude Include="Project\Script\Game\Manager\BlockManager.h">
      <Filter>Project\Script\Game\Manager</Filter>
    </ClInclude>
    <ClInclude Include="Project\Prefab\Game\BlackBlockPrefab.h">
      <Filter>Project\Prefab\Game</Filter>
    </ClInclude>
    <ClInclude Include="Project\Prefab\Game\WhiteBlockPrefab.h">
      <Filter>Project\Prefab\Game</Filter>
    </ClInclude>
    <ClInclude Include="Framework\Scene\Components\PhysicsComponent\BoxCollider.h">
      <Filter>Framework\Scene\Components\PhysicsComponent</Filter>
    </ClInclude>
    <ClInclude Include="Framework\Scene\Components\PhysicsComponent\ColliderComponent.h">
      <Filter>Framework\Scene\Components\PhysicsComponent</Filter>
    </ClInclude>
    <ClInclude Include="Framework\Scene\Components\PhysicsComponent\PhysicsComponentManager.h">
      <Filter>Framework\Scene\Components\PhysicsComponent</Filter>
    </ClInclude>
    <ClInclude Include="Framework\Physics\AABBShapes.h">
      <Filter>Framework\Physics</Filter>
    </ClInclude>
    <ClInclude Include="Project\Script\Game\JumpScript.h">
      <Filter>Project\Script\Game</Filter>
    </ClInclude>
    <ClInclude Include="Project\Script\Game\BlockScript.h">
      <Filter>Project\Script\Game</Filter>
    </ClInclude>
    <ClInclude Include="Framework\Scene\ObjectManager.h">
      <Filter>Framework\Scene</Filter>
    </ClInclude>
    <ClInclude Include="Framework\Scene\ManagerHub.h">
      <Filter>Framework\Scene</Filter>
    </ClInclude>
    <ClInclude Include="Project\Scene\Title\TitleScene.h">
      <Filter>Project\Scene\Title</Filter>
    </ClInclude>
    <ClInclude Include="Project\Script\Title\TitleCamera.h">
      <Filter>Project\Script\Title</Filter>
    </ClInclude>
    <ClInclude Include="Project\Prefab\Title\TitleCameraPrefab.h">
      <Filter>Project\Prefab\Title</Filter>
    </ClInclude>
    <ClInclude Include="Project\Prefab\Title\TitleLogoPrefab.h">
      <Filter>Project\Prefab\Title</Filter>
    </ClInclude>
    <ClInclude Include="Framework\Scene\GameBehaviour.h">
      <Filter>Framework\Scene</Filter>
    </ClInclude>
    <ClInclude Include="Project\Prefab\Title\TitleWhiteBlockPrefab.h">
      <Filter>Project\Prefab\Title</Filter>
    </ClInclude>
    <ClInclude Include="Project\Prefab\Title\TitleBlackBlockPrefab.h">
      <Filter>Project\Prefab\Title</Filter>
    </ClInclude>
    <ClInclude Include="Project\Script\Title\Manager\TitleBlockManager.h">
      <Filter>Project\Script\Title\Manager</Filter>
    </ClInclude>
    <ClInclude Include="Project\Script\Title\Manager\BgBlockManager.h">
      <Filter>Project\Script\Title\Manager</Filter>
    </ClInclude>
    <ClInclude Include="Project\Script\Title\BgBlockScript.h">
      <Filter>Project\Script\Title</Filter>
    </ClInclude>
    <ClInclude Include="Project\Prefab\Title\BlockPrefab.h">
      <Filter>Project\Prefab\Title</Filter>
    </ClInclude>
    <ClInclude Include="Project\Prefab\Title\GameStartPrefab.h">
      <Filter>Project\Prefab\Title</Filter>
    </ClInclude>
    <ClInclude Include="Framework\Core\Screen.h">
      <Filter>Framework\Core</Filter>
    </ClInclude>
    <ClInclude Include="Project\Prefab\Game\EnemyPrefab.h">
      <Filter>Project\Prefab\Game</Filter>
    </ClInclude>
    <ClInclude Include="Project\Script\Game\EnemyScript.h">
      <Filter>Project\Script\Game</Filter>
    </ClInclude>
    <ClInclude Include="Project\Script\Game\ShadowScript.h">
      <Filter>Project\Script\Game</Filter>
    </ClInclude>
    <ClInclude Include="Project\Script\Game\Manager\EnemyManager.h">
      <Filter>Project\Script\Game\Manager</Filter>
    </ClInclude>
    <ClInclude Include="Project\Script\Game\EnemyRespawn.h">
      <Filter>Project\Script\Game</Filter>
    </ClInclude>
    <ClInclude Include="Framework\Core\RandomAPI.h">
      <Filter>Framework\Core</Filter>
    </ClInclude>
    <ClInclude Include="Project\Script\Title\AnimationScript2D.h">
      <Filter>Project\Script\Title</Filter>
    </ClInclude>
    <ClInclude Include="Project\Prefab\Title\TitleBgPrefab.h">
      <Filter>Project\Prefab\Title</Filter>
    </ClInclude>
    <ClInclude Include="Project\Prefab\Game\SkillPrefab.h">
      <Filter>Project\Prefab\Game</Filter>
    </ClInclude>
    <ClInclude Include="Project\Script\Game\EnemySkillScript.h">
      <Filter>Project\Script\Game</Filter>
    </ClInclude>
    <ClInclude Include="Project\Script\Game\PlayerSkillScript.h">
      <Filter>Project\Script\Game</Filter>
    </ClInclude>
    <ClInclude Include="Project\Script\Game\CombatProcessing.h">
      <Filter>Project\Script\Game</Filter>
    </ClInclude>
    <ClInclude Include="Project\Global\GlobalGameData.h">
      <Filter>Project\Global</Filter>
    </ClInclude>
  </ItemGroup>
  <ItemGroup>
    <FxCompile Include="Framework\Graphics\Resources\Shader\PixelShader.hlsl">
      <Filter>Framework\Graphics\Resources\Shader</Filter>
    </FxCompile>
    <FxCompile Include="Framework\Graphics\Resources\Shader\VertexShader.hlsl">
      <Filter>Framework\Graphics\Resources\Shader</Filter>
    </FxCompile>
    <FxCompile Include="Framework\Graphics\Resources\Shader\SpritePS.hlsl">
      <Filter>Framework\Graphics\Resources\Shader</Filter>
    </FxCompile>
    <FxCompile Include="Framework\Graphics\Resources\Shader\SpriteVS.hlsl">
      <Filter>Framework\Graphics\Resources\Shader</Filter>
    </FxCompile>
    <FxCompile Include="Framework\Graphics\Resources\Shader\Common.hlsl">
      <Filter>Framework\Graphics\Resources\Shader</Filter>
    </FxCompile>
  </ItemGroup>
  <ItemGroup>
    <None Include="Framework\Graphics\Renderer\ConstantBufferManager.inl">
      <Filter>Framework\Graphics\Renderer</Filter>
    </None>
    <None Include="Framework\Input\InputKeyboard.inl">
      <Filter>Framework\Input</Filter>
    </None>
  </ItemGroup>
  <ItemGroup>
    <ResourceCompile Include="Game_Application.rc" />
  </ItemGroup>
</Project>